
Microsoft Visual Studio Solution File, Format Version 12.00
# Visual Studio Version 17
VisualStudioVersion = 17.11.35327.3
MinimumVisualStudioVersion = 10.0.40219.1
Project("{9A19103F-16F7-4668-BE54-9A1E7A4F7556}") = "NorthWind.Entities", "NorthWind.Entities\NorthWind.Entities.csproj", "{4C0EC327-7B98-4E0C-B966-7FD8B78531EF}"
EndProject
Project("{9A19103F-16F7-4668-BE54-9A1E7A4F7556}") = "NorthWind.ConsoleApp", "NorthWind.ConsoleApp\NorthWind.ConsoleApp.csproj", "{B045BBD8-0335-491C-89C2-3AED5301ADA8}"
EndProject
Project("{9A19103F-16F7-4668-BE54-9A1E7A4F7556}") = "NorthWind.Writers", "NorthWind.Writers\NorthWind.Writers.csproj", "{FE79B38E-FCE0-4BD3-B16D-83B67AB45AED}"
EndProject
Project("{FAE04EC0-301F-11D3-BF4B-00C04F79EFBC}") = "NorthWind.IoC", "NorthWind.IoC\NorthWind.IoC.csproj", "{47238535-CB77-4C76-AB49-687142D2A20A}"
EndProject
Global
	GlobalSection(SolutionConfigurationPlatforms) = preSolution
		Debug|Any CPU = Debug|Any CPU
		Release|Any CPU = Release|Any CPU
	EndGlobalSection
	GlobalSection(ProjectConfigurationPlatforms) = postSolution
		{4C0EC327-7B98-4E0C-B966-7FD8B78531EF}.Debug|Any CPU.ActiveCfg = Debug|Any CPU
		{4C0EC327-7B98-4E0C-B966-7FD8B78531EF}.Debug|Any CPU.Build.0 = Debug|Any CPU
		{4C0EC327-7B98-4E0C-B966-7FD8B78531EF}.Release|Any CPU.ActiveCfg = Release|Any CPU
		{4C0EC327-7B98-4E0C-B966-7FD8B78531EF}.Release|Any CPU.Build.0 = Release|Any CPU
		{B045BBD8-0335-491C-89C2-3AED5301ADA8}.Debug|Any CPU.ActiveCfg = Debug|Any CPU
		{B045BBD8-0335-491C-89C2-3AED5301ADA8}.Debug|Any CPU.Build.0 = Debug|Any CPU
		{B045BBD8-0335-491C-89C2-3AED5301ADA8}.Release|Any CPU.ActiveCfg = Release|Any CPU
		{B045BBD8-0335-491C-89C2-3AED5301ADA8}.Release|Any CPU.Build.0 = Release|Any CPU
		{FE79B38E-FCE0-4BD3-B16D-83B67AB45AED}.Debug|Any CPU.ActiveCfg = Debug|Any CPU
		{FE79B38E-FCE0-4BD3-B16D-83B67AB45AED}.Debug|Any CPU.Build.0 = Debug|Any CPU
		{FE79B38E-FCE0-4BD3-B16D-83B67AB45AED}.Release|Any CPU.ActiveCfg = Release|Any CPU
		{FE79B38E-FCE0-4BD3-B16D-83B67AB45AED}.Release|Any CPU.Build.0 = Release|Any CPU
		{47238535-CB77-4C76-AB49-687142D2A20A}.Debug|Any CPU.ActiveCfg = Debug|Any CPU
		{47238535-CB77-4C76-AB49-687142D2A20A}.Debug|Any CPU.Build.0 = Debug|Any CPU
		{47238535-CB77-4C76-AB49-687142D2A20A}.Release|Any CPU.ActiveCfg = Release|Any CPU
		{47238535-CB77-4C76-AB49-687142D2A20A}.Release|Any CPU.Build.0 = Release|Any CPU
	EndGlobalSection
	GlobalSection(SolutionProperties) = preSolution
		HideSolutionNode = FALSE
	EndGlobalSection
	GlobalSection(ExtensibilityGlobals) = postSolution
		SolutionGuid = {99423988-447A-43C6-B907-CF5A8F6CE7E3}
	EndGlobalSection
EndGlobal
